{
    "version": 3,
    "terraform_version": "0.11.13",
    "serial": 2,
    "lineage": "ac0d45df-6d48-0382-b2a2-a57956fc8202",
    "modules": [
        {
            "path": [
                "root"
            ],
            "outputs": {
                "client_certificate": {
                    "sensitive": false,
                    "type": "string",
                    "value": ""
                },
                "client_key": {
                    "sensitive": false,
                    "type": "string",
                    "value": ""
                },
                "cluster_ca_certificate": {
                    "sensitive": false,
                    "type": "string",
                    "value": "LS0tLS1CRUdJTiBDRVJUSUZJQ0FURS0tLS0tCk1JSURDekNDQWZPZ0F3SUJBZ0lRWVpaV25UcjVPV0Qyalg0N2hqb0hOREFOQmdrcWhraUc5dzBCQVFzRkFEQXYKTVMwd0t3WURWUVFERXlSbU1XSmtNamhoT1Mwek9EUmpMVFEwTVRndFltWXpOQzFtWlRReU1HUmpPV1UwWmpBdwpIaGNOTVRrd05URTFNVEV5TmpBeldoY05NalF3TlRFek1USXlOakF6V2pBdk1TMHdLd1lEVlFRREV5Um1NV0prCk1qaGhPUzB6T0RSakxUUTBNVGd0WW1Zek5DMW1aVFF5TUdSak9XVTBaakF3Z2dFaU1BMEdDU3FHU0liM0RRRUIKQVFVQUE0SUJEd0F3Z2dFS0FvSUJBUURBRlg2cUpPQ2dHenVBZWx6bHdYZFlycGdFZlhqZlBJN0JLZmVvRllMbgpMTm42eGVDbHlWelJZc24xVXZGeEpMbEVZMEh3ODNYUm1UeWlKNG9oVkl2VDUyWW9yRk9nRzFCSWk3bVpXaUhkCmlsUWV3VDhRd0pmMG1xTU5UVkhiU1pRZ1luMVlaUVpiS28wYnNMc2pMVDgrVkZyMXpPOWY3L0JQY0ppTEdnaTkKT2lmNGZuaS9ucUVGSUdYeW1neTBnRzkycFV6UkZaOEdzczgzLzYyb21kUXQyRXRpRkRiZXVmNmJUNlhoUnE1cgp3bXhJcXcxdW8rdTA2TEJrTVZEVFJYa3NHMlRXZDArMnBqNlhyT2NXZVJSNnJ1ZkRIbjRBZXU2SlF3TE9aK0I3ClZoRXlNaHdxS28vTEhZcDdwRk05SDU5N0lXYlVWZEhJT3Jrb1NTMTRWcHhyQWdNQkFBR2pJekFoTUE0R0ExVWQKRHdFQi93UUVBd0lDQkRBUEJnTlZIUk1CQWY4RUJUQURBUUgvTUEwR0NTcUdTSWIzRFFFQkN3VUFBNElCQVFDUgo4ejFsbFRndWdPRXBucys1a1BKZ1NJZ0VZbENGTndSSVFKWWRmSjlTbVNjOWZWVzJvMUJxVks3SHEzb0tNbFNECmJDRHFYRnE3MVA0eHl4VHdtVWJlWFQ1d0VtdjRiU1BobGw3UHRQdElZaU1aVTZNZ0dHUXFLS2FDbWtIcWJuTU0KYnNYZzFxYmtJQnRwTnFZL3JzUUg4TFl5L3c1djhiZTIxZmR5cTNvRXBqTU4rT2E2NnBra1IrN20vNituTlR4UApzMlg2SFpZOHRGeXhiWWM5SUZXdTlrd2VTRTl1d1RWcHhtdkFMZ1g3SnNXazRxTllSazIxU2crTU94NDE4T0NXClJBdU13WGVwOFBUT1Qrd1ZLTGUzanphYnFxb1BBcUFMVzdWT01LUkUzeVJKcXZVOHBoMy9qTVNhblRkUDFoUHoKZWVTb3E5bU9QNE9EUHRWVnVhS00KLS0tLS1FTkQgQ0VSVElGSUNBVEUtLS0tLQo="
                }
            },
            "resources": {
                "google_container_cluster.primary": {
                    "type": "google_container_cluster",
                    "depends_on": [],
                    "primary": {
                        "id": "ejkinger-cluster",
                        "attributes": {
                            "additional_zones.#": "3",
                            "additional_zones.1988413740": "us-east1-d",
                            "additional_zones.551448234": "us-east1-b",
                            "additional_zones.969236459": "us-east1-c",
                            "addons_config.#": "1",
                            "addons_config.0.horizontal_pod_autoscaling.#": "0",
                            "addons_config.0.http_load_balancing.#": "0",
                            "addons_config.0.kubernetes_dashboard.#": "1",
                            "addons_config.0.kubernetes_dashboard.0.disabled": "true",
                            "addons_config.0.network_policy_config.#": "1",
                            "addons_config.0.network_policy_config.0.disabled": "true",
                            "cluster_autoscaling.#": "0",
                            "cluster_ipv4_cidr": "10.48.0.0/14",
                            "description": "",
                            "enable_kubernetes_alpha": "false",
                            "enable_legacy_abac": "false",
                            "endpoint": "35.227.34.107",
                            "id": "ejkinger-cluster",
                            "initial_node_count": "1",
                            "instance_group_urls.#": "3",
                            "instance_group_urls.0": "https://www.googleapis.com/compute/v1/projects/ejkinger/zones/us-east1-c/instanceGroups/gke-ejkinger-cluster-default-node-poo-a5b58b61-grp",
                            "instance_group_urls.1": "https://www.googleapis.com/compute/v1/projects/ejkinger/zones/us-east1-b/instanceGroups/gke-ejkinger-cluster-default-node-poo-052ae748-grp",
                            "instance_group_urls.2": "https://www.googleapis.com/compute/v1/projects/ejkinger/zones/us-east1-d/instanceGroups/gke-ejkinger-cluster-default-node-poo-8268d896-grp",
                            "ip_allocation_policy.#": "0",
                            "location": "us-east1",
                            "logging_service": "logging.googleapis.com",
                            "maintenance_policy.#": "0",
                            "master_auth.#": "1",
                            "master_auth.0.client_certificate": "",
                            "master_auth.0.client_certificate_config.#": "1",
                            "master_auth.0.client_certificate_config.0.issue_client_certificate": "false",
                            "master_auth.0.client_key": "",
                            "master_auth.0.cluster_ca_certificate": "LS0tLS1CRUdJTiBDRVJUSUZJQ0FURS0tLS0tCk1JSURDekNDQWZPZ0F3SUJBZ0lRWVpaV25UcjVPV0Qyalg0N2hqb0hOREFOQmdrcWhraUc5dzBCQVFzRkFEQXYKTVMwd0t3WURWUVFERXlSbU1XSmtNamhoT1Mwek9EUmpMVFEwTVRndFltWXpOQzFtWlRReU1HUmpPV1UwWmpBdwpIaGNOTVRrd05URTFNVEV5TmpBeldoY05NalF3TlRFek1USXlOakF6V2pBdk1TMHdLd1lEVlFRREV5Um1NV0prCk1qaGhPUzB6T0RSakxUUTBNVGd0WW1Zek5DMW1aVFF5TUdSak9XVTBaakF3Z2dFaU1BMEdDU3FHU0liM0RRRUIKQVFVQUE0SUJEd0F3Z2dFS0FvSUJBUURBRlg2cUpPQ2dHenVBZWx6bHdYZFlycGdFZlhqZlBJN0JLZmVvRllMbgpMTm42eGVDbHlWelJZc24xVXZGeEpMbEVZMEh3ODNYUm1UeWlKNG9oVkl2VDUyWW9yRk9nRzFCSWk3bVpXaUhkCmlsUWV3VDhRd0pmMG1xTU5UVkhiU1pRZ1luMVlaUVpiS28wYnNMc2pMVDgrVkZyMXpPOWY3L0JQY0ppTEdnaTkKT2lmNGZuaS9ucUVGSUdYeW1neTBnRzkycFV6UkZaOEdzczgzLzYyb21kUXQyRXRpRkRiZXVmNmJUNlhoUnE1cgp3bXhJcXcxdW8rdTA2TEJrTVZEVFJYa3NHMlRXZDArMnBqNlhyT2NXZVJSNnJ1ZkRIbjRBZXU2SlF3TE9aK0I3ClZoRXlNaHdxS28vTEhZcDdwRk05SDU5N0lXYlVWZEhJT3Jrb1NTMTRWcHhyQWdNQkFBR2pJekFoTUE0R0ExVWQKRHdFQi93UUVBd0lDQkRBUEJnTlZIUk1CQWY4RUJUQURBUUgvTUEwR0NTcUdTSWIzRFFFQkN3VUFBNElCQVFDUgo4ejFsbFRndWdPRXBucys1a1BKZ1NJZ0VZbENGTndSSVFKWWRmSjlTbVNjOWZWVzJvMUJxVks3SHEzb0tNbFNECmJDRHFYRnE3MVA0eHl4VHdtVWJlWFQ1d0VtdjRiU1BobGw3UHRQdElZaU1aVTZNZ0dHUXFLS2FDbWtIcWJuTU0KYnNYZzFxYmtJQnRwTnFZL3JzUUg4TFl5L3c1djhiZTIxZmR5cTNvRXBqTU4rT2E2NnBra1IrN20vNituTlR4UApzMlg2SFpZOHRGeXhiWWM5SUZXdTlrd2VTRTl1d1RWcHhtdkFMZ1g3SnNXazRxTllSazIxU2crTU94NDE4T0NXClJBdU13WGVwOFBUT1Qrd1ZLTGUzanphYnFxb1BBcUFMVzdWT01LUkUzeVJKcXZVOHBoMy9qTVNhblRkUDFoUHoKZWVTb3E5bU9QNE9EUHRWVnVhS00KLS0tLS1FTkQgQ0VSVElGSUNBVEUtLS0tLQo=",
                            "master_auth.0.password": "",
                            "master_auth.0.username": "",
                            "master_authorized_networks_config.#": "0",
                            "master_version": "1.12.7-gke.10",
                            "monitoring_service": "monitoring.googleapis.com",
                            "name": "ejkinger-cluster",
                            "network": "projects/ejkinger/global/networks/default",
                            "network_policy.#": "1",
                            "network_policy.0.enabled": "false",
                            "network_policy.0.provider": "PROVIDER_UNSPECIFIED",
                            "node_config.#": "1",
                            "node_config.0.disk_size_gb": "100",
                            "node_config.0.disk_type": "pd-standard",
                            "node_config.0.guest_accelerator.#": "0",
                            "node_config.0.image_type": "COS",
                            "node_config.0.labels.%": "0",
                            "node_config.0.local_ssd_count": "0",
                            "node_config.0.machine_type": "n1-standard-1",
                            "node_config.0.metadata.%": "1",
                            "node_config.0.metadata.disable-legacy-endpoints": "true",
                            "node_config.0.min_cpu_platform": "",
                            "node_config.0.oauth_scopes.#": "2",
                            "node_config.0.oauth_scopes.1277378754": "https://www.googleapis.com/auth/monitoring",
                            "node_config.0.oauth_scopes.172152165": "https://www.googleapis.com/auth/logging.write",
                            "node_config.0.preemptible": "true",
                            "node_config.0.service_account": "default",
                            "node_config.0.tags.#": "0",
                            "node_config.0.taint.#": "0",
                            "node_config.0.workload_metadata_config.#": "0",
                            "node_locations.#": "3",
                            "node_locations.1988413740": "us-east1-d",
                            "node_locations.551448234": "us-east1-b",
                            "node_locations.969236459": "us-east1-c",
                            "node_pool.#": "1",
                            "node_pool.0.autoscaling.#": "0",
                            "node_pool.0.initial_node_count": "1",
                            "node_pool.0.instance_group_urls.#": "3",
                            "node_pool.0.instance_group_urls.0": "https://www.googleapis.com/compute/v1/projects/ejkinger/zones/us-east1-c/instanceGroupManagers/gke-ejkinger-cluster-default-node-poo-a5b58b61-grp",
                            "node_pool.0.instance_group_urls.1": "https://www.googleapis.com/compute/v1/projects/ejkinger/zones/us-east1-b/instanceGroupManagers/gke-ejkinger-cluster-default-node-poo-052ae748-grp",
                            "node_pool.0.instance_group_urls.2": "https://www.googleapis.com/compute/v1/projects/ejkinger/zones/us-east1-d/instanceGroupManagers/gke-ejkinger-cluster-default-node-poo-8268d896-grp",
                            "node_pool.0.management.#": "1",
                            "node_pool.0.management.0.auto_repair": "false",
                            "node_pool.0.management.0.auto_upgrade": "false",
                            "node_pool.0.max_pods_per_node": "0",
                            "node_pool.0.name": "default-node-pool",
                            "node_pool.0.name_prefix": "",
                            "node_pool.0.node_config.#": "1",
                            "node_pool.0.node_config.0.disk_size_gb": "100",
                            "node_pool.0.node_config.0.disk_type": "pd-standard",
                            "node_pool.0.node_config.0.guest_accelerator.#": "0",
                            "node_pool.0.node_config.0.image_type": "COS",
                            "node_pool.0.node_config.0.labels.%": "0",
                            "node_pool.0.node_config.0.local_ssd_count": "0",
                            "node_pool.0.node_config.0.machine_type": "n1-standard-1",
                            "node_pool.0.node_config.0.metadata.%": "1",
                            "node_pool.0.node_config.0.metadata.disable-legacy-endpoints": "true",
                            "node_pool.0.node_config.0.min_cpu_platform": "",
                            "node_pool.0.node_config.0.oauth_scopes.#": "2",
                            "node_pool.0.node_config.0.oauth_scopes.1277378754": "https://www.googleapis.com/auth/monitoring",
                            "node_pool.0.node_config.0.oauth_scopes.172152165": "https://www.googleapis.com/auth/logging.write",
                            "node_pool.0.node_config.0.preemptible": "true",
                            "node_pool.0.node_config.0.service_account": "default",
                            "node_pool.0.node_config.0.tags.#": "0",
                            "node_pool.0.node_config.0.taint.#": "0",
                            "node_pool.0.node_config.0.workload_metadata_config.#": "0",
                            "node_pool.0.node_count": "1",
                            "node_pool.0.version": "1.12.7-gke.10",
                            "node_version": "1.12.7-gke.10",
                            "private_cluster_config.#": "0",
                            "project": "ejkinger",
                            "region": "us-east1",
                            "remove_default_node_pool": "true",
                            "resource_labels.%": "0",
                            "subnetwork": "projects/ejkinger/regions/us-east1/subnetworks/default"
                        },
                        "meta": {
                            "e2bfb730-ecaa-11e6-8f88-34363bc7c4c0": {
                                "create": 1800000000000,
                                "delete": 1800000000000,
                                "update": 1800000000000
                            },
                            "schema_version": "1"
                        },
                        "tainted": false
                    },
                    "deposed": [],
                    "provider": "provider.google"
                },
                "google_container_node_pool.primary_preemptible_nodes": {
                    "type": "google_container_node_pool",
                    "depends_on": [
                        "google_container_cluster.primary"
                    ],
                    "primary": {
                        "id": "us-east1/ejkinger-cluster/default-node-pool",
                        "attributes": {
                            "cluster": "ejkinger-cluster",
                            "id": "us-east1/ejkinger-cluster/default-node-pool",
                            "initial_node_count": "1",
                            "instance_group_urls.#": "3",
                            "instance_group_urls.0": "https://www.googleapis.com/compute/v1/projects/ejkinger/zones/us-east1-c/instanceGroupManagers/gke-ejkinger-cluster-default-node-poo-5a0a90cd-grp",
                            "instance_group_urls.1": "https://www.googleapis.com/compute/v1/projects/ejkinger/zones/us-east1-b/instanceGroupManagers/gke-ejkinger-cluster-default-node-poo-30fc6197-grp",
                            "instance_group_urls.2": "https://www.googleapis.com/compute/v1/projects/ejkinger/zones/us-east1-d/instanceGroupManagers/gke-ejkinger-cluster-default-node-poo-258c04d1-grp",
                            "location": "us-east1",
                            "management.#": "1",
                            "management.0.auto_repair": "false",
                            "management.0.auto_upgrade": "false",
                            "name": "default-node-pool",
                            "name_prefix": "",
                            "node_config.#": "1",
                            "node_config.0.disk_size_gb": "100",
                            "node_config.0.disk_type": "pd-standard",
                            "node_config.0.guest_accelerator.#": "0",
                            "node_config.0.image_type": "COS",
                            "node_config.0.labels.%": "0",
                            "node_config.0.local_ssd_count": "0",
                            "node_config.0.machine_type": "n1-standard-1",
                            "node_config.0.metadata.%": "1",
                            "node_config.0.metadata.disable-legacy-endpoints": "true",
                            "node_config.0.min_cpu_platform": "",
                            "node_config.0.oauth_scopes.#": "6",
                            "node_config.0.oauth_scopes.1277378754": "https://www.googleapis.com/auth/monitoring",
                            "node_config.0.oauth_scopes.1632638332": "https://www.googleapis.com/auth/devstorage.read_only",
                            "node_config.0.oauth_scopes.172152165": "https://www.googleapis.com/auth/logging.write",
                            "node_config.0.oauth_scopes.316356861": "https://www.googleapis.com/auth/service.management.readonly",
                            "node_config.0.oauth_scopes.3663490875": "https://www.googleapis.com/auth/servicecontrol",
                            "node_config.0.oauth_scopes.3859019814": "https://www.googleapis.com/auth/trace.append",
                            "node_config.0.preemptible": "true",
                            "node_config.0.service_account": "default",
                            "node_config.0.tags.#": "0",
                            "node_config.0.taint.#": "0",
                            "node_config.0.workload_metadata_config.#": "0",
                            "node_count": "1",
                            "project": "ejkinger",
                            "region": "us-east1",
                            "version": "1.12.7-gke.10"
                        },
                        "meta": {
                            "e2bfb730-ecaa-11e6-8f88-34363bc7c4c0": {
                                "create": 1800000000000,
                                "delete": 600000000000,
                                "update": 600000000000
                            },
                            "schema_version": "1"
                        },
                        "tainted": false
                    },
                    "deposed": [],
                    "provider": "provider.google"
                }
            },
            "depends_on": []
        }
    ]
}
