{
    "version": 3,
    "terraform_version": "0.11.13",
    "serial": 2,
    "lineage": "678c45c3-33fa-8a59-6950-77fc0d665b50",
    "modules": [
        {
            "path": [
                "root"
            ],
            "outputs": {
                "client_certificate": {
                    "sensitive": false,
                    "type": "string",
                    "value": ""
                },
                "client_key": {
                    "sensitive": false,
                    "type": "string",
                    "value": ""
                },
                "cluster_ca_certificate": {
                    "sensitive": false,
                    "type": "string",
                    "value": "LS0tLS1CRUdJTiBDRVJUSUZJQ0FURS0tLS0tCk1JSURDekNDQWZPZ0F3SUJBZ0lRY1BiTmdOYndmTE9TZVhkeEpObEhWREFOQmdrcWhraUc5dzBCQVFzRkFEQXYKTVMwd0t3WURWUVFERXlRNE5UaGhOVFl5WXkweVpqZzBMVFJoTVdFdE9EaGtZeTFsT0RVeE9UQXlNMlJrTnpFdwpIaGNOTVRrd05USXdNVFV5TXpBM1doY05NalF3TlRFNE1UWXlNekEzV2pBdk1TMHdLd1lEVlFRREV5UTROVGhoCk5UWXlZeTB5WmpnMExUUmhNV0V0T0Roa1l5MWxPRFV4T1RBeU0yUmtOekV3Z2dFaU1BMEdDU3FHU0liM0RRRUIKQVFVQUE0SUJEd0F3Z2dFS0FvSUJBUUNvN05KcURGeGJyd2ozeHJoeHJYZFhna0JTc0svRWJSSHFDU09NbnpWeQp3eDBnamhaQ3dCQ3RISExIV01aSXhLMlliZVU1ZjhHWEhJUGlDeWZEL21UeTZWdisrZEtKeXpZMmk0L0krN3pKClU1UDJiYjdoZVhlbmtPblBvTDBSZTJUZk1aMFEyZTdqUUw1TFNhYWV0dVpMN0NnMHhPVGZrR3M3b25MRnUxc0kKVHNRcVU1YXMyZzhPd2ZteThGUldpQVdlbGxKcHIrcVYrS2JpRjhMOEJPNmJpL2gwcERyTUZIbTROWDJ6NEdNSAp0M0pybU5lWU9KTjYySU5USktEaldQZ0NrU2NldHl3am5FSkxybmVpZEMxZCtMRmF4cWZJTWc1THQvY1NrMy9JCjZGL3MwYmRZNk13eWErNU9VQndobTMxTkViVEh1T3lNUkszWGNINUdXa0UxQWdNQkFBR2pJekFoTUE0R0ExVWQKRHdFQi93UUVBd0lDQkRBUEJnTlZIUk1CQWY4RUJUQURBUUgvTUEwR0NTcUdTSWIzRFFFQkN3VUFBNElCQVFCNgpQYTJ5anJsbGtEdGxKYnBMemJwQzdldWdjZUhzQ0NwN2YxNXNnM0NEVGRQdmxJWWwwd0xqV3Q3c21mdllCUVM2Ci9aZmpZQUh0aVg2bHZqZDYzbUdxeFVydDZaY2V2amFzSHBFV0ZBOW5VZ2N6bzJmSVRKN2ZDWTNHRDd3eWs3RjkKZTR4R1BRK0ZaRnNCd05LV09PYmFpTUIyazh1SFhYMzBkVXg0TnVPdDdhUXM0a2Q1QzVrdTZlUkVUcFpmL1dmMwpSMFd1b3BvVGZobm1XMkhIRCt4eEQybkJ2Y09zd280V2RlbkhmUEtVemJxZ3hBWWVjQmxNSE5aL08rRmkvd280CmhPZ0JnZWhtdVZlRHlGRWc0ZzlIYUs5T2wvaUhWUFJlRHd1N1NmVFZpbWdWdi9GT0dld3Fnd1VBcWs5MHozbWIKeHB4TDh5UW9TNmpWaTdidEQ2L1IKLS0tLS1FTkQgQ0VSVElGSUNBVEUtLS0tLQo="
                }
            },
            "resources": {
                "google_container_cluster.primary": {
                    "type": "google_container_cluster",
                    "depends_on": [],
                    "primary": {
                        "id": "ejkinger-cluster",
                        "attributes": {
                            "additional_zones.#": "3",
                            "additional_zones.1988413740": "us-east1-d",
                            "additional_zones.551448234": "us-east1-b",
                            "additional_zones.969236459": "us-east1-c",
                            "addons_config.#": "1",
                            "addons_config.0.horizontal_pod_autoscaling.#": "0",
                            "addons_config.0.http_load_balancing.#": "0",
                            "addons_config.0.kubernetes_dashboard.#": "1",
                            "addons_config.0.kubernetes_dashboard.0.disabled": "true",
                            "addons_config.0.network_policy_config.#": "1",
                            "addons_config.0.network_policy_config.0.disabled": "true",
                            "cluster_autoscaling.#": "0",
                            "cluster_ipv4_cidr": "10.48.0.0/14",
                            "description": "",
                            "enable_kubernetes_alpha": "false",
                            "enable_legacy_abac": "false",
                            "endpoint": "34.74.200.40",
                            "id": "ejkinger-cluster",
                            "initial_node_count": "1",
                            "instance_group_urls.#": "0",
                            "ip_allocation_policy.#": "0",
                            "location": "us-east1",
                            "logging_service": "logging.googleapis.com",
                            "maintenance_policy.#": "0",
                            "master_auth.#": "1",
                            "master_auth.0.client_certificate": "",
                            "master_auth.0.client_certificate_config.#": "1",
                            "master_auth.0.client_certificate_config.0.issue_client_certificate": "false",
                            "master_auth.0.client_key": "",
                            "master_auth.0.cluster_ca_certificate": "LS0tLS1CRUdJTiBDRVJUSUZJQ0FURS0tLS0tCk1JSURDekNDQWZPZ0F3SUJBZ0lRY1BiTmdOYndmTE9TZVhkeEpObEhWREFOQmdrcWhraUc5dzBCQVFzRkFEQXYKTVMwd0t3WURWUVFERXlRNE5UaGhOVFl5WXkweVpqZzBMVFJoTVdFdE9EaGtZeTFsT0RVeE9UQXlNMlJrTnpFdwpIaGNOTVRrd05USXdNVFV5TXpBM1doY05NalF3TlRFNE1UWXlNekEzV2pBdk1TMHdLd1lEVlFRREV5UTROVGhoCk5UWXlZeTB5WmpnMExUUmhNV0V0T0Roa1l5MWxPRFV4T1RBeU0yUmtOekV3Z2dFaU1BMEdDU3FHU0liM0RRRUIKQVFVQUE0SUJEd0F3Z2dFS0FvSUJBUUNvN05KcURGeGJyd2ozeHJoeHJYZFhna0JTc0svRWJSSHFDU09NbnpWeQp3eDBnamhaQ3dCQ3RISExIV01aSXhLMlliZVU1ZjhHWEhJUGlDeWZEL21UeTZWdisrZEtKeXpZMmk0L0krN3pKClU1UDJiYjdoZVhlbmtPblBvTDBSZTJUZk1aMFEyZTdqUUw1TFNhYWV0dVpMN0NnMHhPVGZrR3M3b25MRnUxc0kKVHNRcVU1YXMyZzhPd2ZteThGUldpQVdlbGxKcHIrcVYrS2JpRjhMOEJPNmJpL2gwcERyTUZIbTROWDJ6NEdNSAp0M0pybU5lWU9KTjYySU5USktEaldQZ0NrU2NldHl3am5FSkxybmVpZEMxZCtMRmF4cWZJTWc1THQvY1NrMy9JCjZGL3MwYmRZNk13eWErNU9VQndobTMxTkViVEh1T3lNUkszWGNINUdXa0UxQWdNQkFBR2pJekFoTUE0R0ExVWQKRHdFQi93UUVBd0lDQkRBUEJnTlZIUk1CQWY4RUJUQURBUUgvTUEwR0NTcUdTSWIzRFFFQkN3VUFBNElCQVFCNgpQYTJ5anJsbGtEdGxKYnBMemJwQzdldWdjZUhzQ0NwN2YxNXNnM0NEVGRQdmxJWWwwd0xqV3Q3c21mdllCUVM2Ci9aZmpZQUh0aVg2bHZqZDYzbUdxeFVydDZaY2V2amFzSHBFV0ZBOW5VZ2N6bzJmSVRKN2ZDWTNHRDd3eWs3RjkKZTR4R1BRK0ZaRnNCd05LV09PYmFpTUIyazh1SFhYMzBkVXg0TnVPdDdhUXM0a2Q1QzVrdTZlUkVUcFpmL1dmMwpSMFd1b3BvVGZobm1XMkhIRCt4eEQybkJ2Y09zd280V2RlbkhmUEtVemJxZ3hBWWVjQmxNSE5aL08rRmkvd280CmhPZ0JnZWhtdVZlRHlGRWc0ZzlIYUs5T2wvaUhWUFJlRHd1N1NmVFZpbWdWdi9GT0dld3Fnd1VBcWs5MHozbWIKeHB4TDh5UW9TNmpWaTdidEQ2L1IKLS0tLS1FTkQgQ0VSVElGSUNBVEUtLS0tLQo=",
                            "master_auth.0.password": "",
                            "master_auth.0.username": "",
                            "master_authorized_networks_config.#": "0",
                            "master_version": "1.12.7-gke.10",
                            "monitoring_service": "monitoring.googleapis.com",
                            "name": "ejkinger-cluster",
                            "network": "projects/ejkinger-241216/global/networks/default",
                            "network_policy.#": "1",
                            "network_policy.0.enabled": "false",
                            "network_policy.0.provider": "PROVIDER_UNSPECIFIED",
                            "node_config.#": "0",
                            "node_locations.#": "3",
                            "node_locations.1988413740": "us-east1-d",
                            "node_locations.551448234": "us-east1-b",
                            "node_locations.969236459": "us-east1-c",
                            "node_pool.#": "0",
                            "node_version": "1.12.7-gke.10",
                            "private_cluster_config.#": "0",
                            "project": "ejkinger-241216",
                            "region": "us-east1",
                            "remove_default_node_pool": "true",
                            "resource_labels.%": "0",
                            "subnetwork": "projects/ejkinger-241216/regions/us-east1/subnetworks/default"
                        },
                        "meta": {
                            "e2bfb730-ecaa-11e6-8f88-34363bc7c4c0": {
                                "create": 1800000000000,
                                "delete": 1800000000000,
                                "update": 1800000000000
                            },
                            "schema_version": "1"
                        },
                        "tainted": false
                    },
                    "deposed": [],
                    "provider": "provider.google"
                },
                "google_container_node_pool.primary_preemptible_nodes": {
                    "type": "google_container_node_pool",
                    "depends_on": [
                        "google_container_cluster.primary"
                    ],
                    "primary": {
                        "id": "us-east1/ejkinger-cluster/default-node-pool",
                        "attributes": {
                            "cluster": "ejkinger-cluster",
                            "id": "us-east1/ejkinger-cluster/default-node-pool",
                            "initial_node_count": "1",
                            "instance_group_urls.#": "3",
                            "instance_group_urls.0": "https://www.googleapis.com/compute/v1/projects/ejkinger-241216/zones/us-east1-b/instanceGroupManagers/gke-ejkinger-cluster-default-node-poo-92e5830c-grp",
                            "instance_group_urls.1": "https://www.googleapis.com/compute/v1/projects/ejkinger-241216/zones/us-east1-d/instanceGroupManagers/gke-ejkinger-cluster-default-node-poo-b2056eb2-grp",
                            "instance_group_urls.2": "https://www.googleapis.com/compute/v1/projects/ejkinger-241216/zones/us-east1-c/instanceGroupManagers/gke-ejkinger-cluster-default-node-poo-d4d4898d-grp",
                            "location": "us-east1",
                            "management.#": "1",
                            "management.0.auto_repair": "false",
                            "management.0.auto_upgrade": "false",
                            "name": "default-node-pool",
                            "name_prefix": "",
                            "node_config.#": "1",
                            "node_config.0.disk_size_gb": "100",
                            "node_config.0.disk_type": "pd-standard",
                            "node_config.0.guest_accelerator.#": "0",
                            "node_config.0.image_type": "COS",
                            "node_config.0.labels.%": "0",
                            "node_config.0.local_ssd_count": "0",
                            "node_config.0.machine_type": "n1-standard-1",
                            "node_config.0.metadata.%": "1",
                            "node_config.0.metadata.disable-legacy-endpoints": "true",
                            "node_config.0.min_cpu_platform": "",
                            "node_config.0.oauth_scopes.#": "6",
                            "node_config.0.oauth_scopes.1277378754": "https://www.googleapis.com/auth/monitoring",
                            "node_config.0.oauth_scopes.1632638332": "https://www.googleapis.com/auth/devstorage.read_only",
                            "node_config.0.oauth_scopes.172152165": "https://www.googleapis.com/auth/logging.write",
                            "node_config.0.oauth_scopes.316356861": "https://www.googleapis.com/auth/service.management.readonly",
                            "node_config.0.oauth_scopes.3663490875": "https://www.googleapis.com/auth/servicecontrol",
                            "node_config.0.oauth_scopes.3859019814": "https://www.googleapis.com/auth/trace.append",
                            "node_config.0.preemptible": "true",
                            "node_config.0.service_account": "default",
                            "node_config.0.tags.#": "0",
                            "node_config.0.taint.#": "0",
                            "node_config.0.workload_metadata_config.#": "0",
                            "node_count": "1",
                            "project": "ejkinger-241216",
                            "region": "us-east1",
                            "version": "1.12.7-gke.10"
                        },
                        "meta": {
                            "e2bfb730-ecaa-11e6-8f88-34363bc7c4c0": {
                                "create": 1800000000000,
                                "delete": 600000000000,
                                "update": 600000000000
                            },
                            "schema_version": "1"
                        },
                        "tainted": false
                    },
                    "deposed": [],
                    "provider": "provider.google"
                }
            },
            "depends_on": []
        }
    ]
}
